
Microsoft Visual Studio Solution File, Format Version 12.00
# Visual Studio Version 17
VisualStudioVersion = 17.0.32112.339
MinimumVisualStudioVersion = 10.0.40219.1
Project("{FAE04EC0-301F-11D3-BF4B-00C04F79EFBC}") = "ConsoleApp2", "ConsoleApp2\ConsoleApp2.csproj", "{1D887E17-E592-44BA-812E-87396EB3DDED}"
EndProject
Global
	GlobalSection(SolutionConfigurationPlatforms) = preSolution
		Debug|Any CPU = Debug|Any CPU
		Release|Any CPU = Release|Any CPU
	EndGlobalSection
	GlobalSection(ProjectConfigurationPlatforms) = postSolution
		{1D887E17-E592-44BA-812E-87396EB3DDED}.Debug|Any CPU.ActiveCfg = Debug|Any CPU
		{1D887E17-E592-44BA-812E-87396EB3DDED}.Debug|Any CPU.Build.0 = Debug|Any CPU
		{1D887E17-E592-44BA-812E-87396EB3DDED}.Release|Any CPU.ActiveCfg = Release|Any CPU
		{1D887E17-E592-44BA-812E-87396EB3DDED}.Release|Any CPU.Build.0 = Release|Any CPU
	EndGlobalSection
	GlobalSection(SolutionProperties) = preSolution
		HideSolutionNode = FALSE
	EndGlobalSection
	GlobalSection(ExtensibilityGlobals) = postSolution
		SolutionGuid = {9DC162CF-C2CC-459D-839E-79A4D20135C5}
	EndGlobalSection
EndGlobal
