
Microsoft Visual Studio Solution File, Format Version 12.00
# Visual Studio Version 17
VisualStudioVersion = 17.0.32112.339
MinimumVisualStudioVersion = 10.0.40219.1
Project("{FAE04EC0-301F-11D3-BF4B-00C04F79EFBC}") = "ConsoleApp4", "ConsoleApp4\ConsoleApp4.csproj", "{8421D97D-7C71-4D0E-82F4-384D381BF84A}"
EndProject
Global
	GlobalSection(SolutionConfigurationPlatforms) = preSolution
		Debug|Any CPU = Debug|Any CPU
		Release|Any CPU = Release|Any CPU
	EndGlobalSection
	GlobalSection(ProjectConfigurationPlatforms) = postSolution
		{8421D97D-7C71-4D0E-82F4-384D381BF84A}.Debug|Any CPU.ActiveCfg = Debug|Any CPU
		{8421D97D-7C71-4D0E-82F4-384D381BF84A}.Debug|Any CPU.Build.0 = Debug|Any CPU
		{8421D97D-7C71-4D0E-82F4-384D381BF84A}.Release|Any CPU.ActiveCfg = Release|Any CPU
		{8421D97D-7C71-4D0E-82F4-384D381BF84A}.Release|Any CPU.Build.0 = Release|Any CPU
	EndGlobalSection
	GlobalSection(SolutionProperties) = preSolution
		HideSolutionNode = FALSE
	EndGlobalSection
	GlobalSection(ExtensibilityGlobals) = postSolution
		SolutionGuid = {800E5947-6134-4C35-AA89-B94AB61004E7}
	EndGlobalSection
EndGlobal
