
Microsoft Visual Studio Solution File, Format Version 12.00
# Visual Studio Version 17
VisualStudioVersion = 17.0.32112.339
MinimumVisualStudioVersion = 10.0.40219.1
Project("{FAE04EC0-301F-11D3-BF4B-00C04F79EFBC}") = "ConsoleApp5", "ConsoleApp5\ConsoleApp5.csproj", "{D53C683C-2120-4046-8F8A-E8F2A97A65BA}"
EndProject
Global
	GlobalSection(SolutionConfigurationPlatforms) = preSolution
		Debug|Any CPU = Debug|Any CPU
		Release|Any CPU = Release|Any CPU
	EndGlobalSection
	GlobalSection(ProjectConfigurationPlatforms) = postSolution
		{D53C683C-2120-4046-8F8A-E8F2A97A65BA}.Debug|Any CPU.ActiveCfg = Debug|Any CPU
		{D53C683C-2120-4046-8F8A-E8F2A97A65BA}.Debug|Any CPU.Build.0 = Debug|Any CPU
		{D53C683C-2120-4046-8F8A-E8F2A97A65BA}.Release|Any CPU.ActiveCfg = Release|Any CPU
		{D53C683C-2120-4046-8F8A-E8F2A97A65BA}.Release|Any CPU.Build.0 = Release|Any CPU
	EndGlobalSection
	GlobalSection(SolutionProperties) = preSolution
		HideSolutionNode = FALSE
	EndGlobalSection
	GlobalSection(ExtensibilityGlobals) = postSolution
		SolutionGuid = {75EB1928-C873-4D9C-88C9-75DFD2DF77DD}
	EndGlobalSection
EndGlobal
